
Microsoft Visual Studio Solution File, Format Version 12.00
# Visual Studio Version 17
VisualStudioVersion = 17.0.31903.59
MinimumVisualStudioVersion = 10.0.40219.1
Project("{FAE04EC0-301F-11D3-BF4B-00C04F79EFBC}") = "API", "API\API.csproj", "{413AA211-AF9D-4099-A5D8-C180592D45FA}"
EndProject
Project("{FAE04EC0-301F-11D3-BF4B-00C04F79EFBC}") = "Core", "Core\Core.csproj", "{8C237B41-5795-4F85-B939-D7580363F82B}"
EndProject
Project("{FAE04EC0-301F-11D3-BF4B-00C04F79EFBC}") = "Infrastructure", "Infrastructure\Infrastructure.csproj", "{C0F994EA-9FE3-42DC-9B4C-84BD6260D528}"
EndProject
Global
	GlobalSection(SolutionConfigurationPlatforms) = preSolution
		Debug|Any CPU = Debug|Any CPU
		Release|Any CPU = Release|Any CPU
	EndGlobalSection
	GlobalSection(SolutionProperties) = preSolution
		HideSolutionNode = FALSE
	EndGlobalSection
	GlobalSection(ProjectConfigurationPlatforms) = postSolution
		{413AA211-AF9D-4099-A5D8-C180592D45FA}.Debug|Any CPU.ActiveCfg = Debug|Any CPU
		{413AA211-AF9D-4099-A5D8-C180592D45FA}.Debug|Any CPU.Build.0 = Debug|Any CPU
		{413AA211-AF9D-4099-A5D8-C180592D45FA}.Release|Any CPU.ActiveCfg = Release|Any CPU
		{413AA211-AF9D-4099-A5D8-C180592D45FA}.Release|Any CPU.Build.0 = Release|Any CPU
		{8C237B41-5795-4F85-B939-D7580363F82B}.Debug|Any CPU.ActiveCfg = Debug|Any CPU
		{8C237B41-5795-4F85-B939-D7580363F82B}.Debug|Any CPU.Build.0 = Debug|Any CPU
		{8C237B41-5795-4F85-B939-D7580363F82B}.Release|Any CPU.ActiveCfg = Release|Any CPU
		{8C237B41-5795-4F85-B939-D7580363F82B}.Release|Any CPU.Build.0 = Release|Any CPU
		{C0F994EA-9FE3-42DC-9B4C-84BD6260D528}.Debug|Any CPU.ActiveCfg = Debug|Any CPU
		{C0F994EA-9FE3-42DC-9B4C-84BD6260D528}.Debug|Any CPU.Build.0 = Debug|Any CPU
		{C0F994EA-9FE3-42DC-9B4C-84BD6260D528}.Release|Any CPU.ActiveCfg = Release|Any CPU
		{C0F994EA-9FE3-42DC-9B4C-84BD6260D528}.Release|Any CPU.Build.0 = Release|Any CPU
	EndGlobalSection
EndGlobal
